
Microsoft Visual Studio Solution File, Format Version 12.00
# Visual Studio Version 17
VisualStudioVersion = 17.9.34607.119
MinimumVisualStudioVersion = 10.0.40219.1
Project("{FAE04EC0-301F-11D3-BF4B-00C04F79EFBC}") = "Concentration Game", "Concentration Game\Concentration Game.csproj", "{521342B5-9B9A-46C2-9B5A-A551259EF2BA}"
EndProject
Global
	GlobalSection(SolutionConfigurationPlatforms) = preSolution
		Debug|Any CPU = Debug|Any CPU
		Release|Any CPU = Release|Any CPU
	EndGlobalSection
	GlobalSection(ProjectConfigurationPlatforms) = postSolution
		{521342B5-9B9A-46C2-9B5A-A551259EF2BA}.Debug|Any CPU.ActiveCfg = Debug|Any CPU
		{521342B5-9B9A-46C2-9B5A-A551259EF2BA}.Debug|Any CPU.Build.0 = Debug|Any CPU
		{521342B5-9B9A-46C2-9B5A-A551259EF2BA}.Release|Any CPU.ActiveCfg = Release|Any CPU
		{521342B5-9B9A-46C2-9B5A-A551259EF2BA}.Release|Any CPU.Build.0 = Release|Any CPU
	EndGlobalSection
	GlobalSection(SolutionProperties) = preSolution
		HideSolutionNode = FALSE
	EndGlobalSection
	GlobalSection(ExtensibilityGlobals) = postSolution
		SolutionGuid = {0462C3B1-C87B-4085-BCFA-D4482743F63B}
	EndGlobalSection
EndGlobal
