
Microsoft Visual Studio Solution File, Format Version 12.00
# Visual Studio Version 17
VisualStudioVersion = 17.9.34607.119
MinimumVisualStudioVersion = 10.0.40219.1
Project("{FAE04EC0-301F-11D3-BF4B-00C04F79EFBC}") = "ReadingWriting", "ReadingWriting\ReadingWriting.csproj", "{570F8971-D7EF-4DAE-AD93-5C8592DD611A}"
EndProject
Project("{FAE04EC0-301F-11D3-BF4B-00C04F79EFBC}") = "ReadingWritingForm", "ReadingWritingForm\ReadingWritingForm.csproj", "{D72240B5-FCD5-476C-B044-AABB6746B82E}"
EndProject
Project("{FAE04EC0-301F-11D3-BF4B-00C04F79EFBC}") = "PlayingCardDTOLib", "DTO\PlayingCardDTOLib.csproj", "{D0F87363-96DD-4507-8BF4-A5F64CF6B9A3}"
EndProject
Global
	GlobalSection(SolutionConfigurationPlatforms) = preSolution
		Debug|Any CPU = Debug|Any CPU
		Release|Any CPU = Release|Any CPU
	EndGlobalSection
	GlobalSection(ProjectConfigurationPlatforms) = postSolution
		{570F8971-D7EF-4DAE-AD93-5C8592DD611A}.Debug|Any CPU.ActiveCfg = Debug|Any CPU
		{570F8971-D7EF-4DAE-AD93-5C8592DD611A}.Debug|Any CPU.Build.0 = Debug|Any CPU
		{570F8971-D7EF-4DAE-AD93-5C8592DD611A}.Release|Any CPU.ActiveCfg = Release|Any CPU
		{570F8971-D7EF-4DAE-AD93-5C8592DD611A}.Release|Any CPU.Build.0 = Release|Any CPU
		{D72240B5-FCD5-476C-B044-AABB6746B82E}.Debug|Any CPU.ActiveCfg = Debug|Any CPU
		{D72240B5-FCD5-476C-B044-AABB6746B82E}.Debug|Any CPU.Build.0 = Debug|Any CPU
		{D72240B5-FCD5-476C-B044-AABB6746B82E}.Release|Any CPU.ActiveCfg = Release|Any CPU
		{D72240B5-FCD5-476C-B044-AABB6746B82E}.Release|Any CPU.Build.0 = Release|Any CPU
		{D0F87363-96DD-4507-8BF4-A5F64CF6B9A3}.Debug|Any CPU.ActiveCfg = Debug|Any CPU
		{D0F87363-96DD-4507-8BF4-A5F64CF6B9A3}.Debug|Any CPU.Build.0 = Debug|Any CPU
		{D0F87363-96DD-4507-8BF4-A5F64CF6B9A3}.Release|Any CPU.ActiveCfg = Release|Any CPU
		{D0F87363-96DD-4507-8BF4-A5F64CF6B9A3}.Release|Any CPU.Build.0 = Release|Any CPU
	EndGlobalSection
	GlobalSection(SolutionProperties) = preSolution
		HideSolutionNode = FALSE
	EndGlobalSection
	GlobalSection(ExtensibilityGlobals) = postSolution
		SolutionGuid = {70F884D9-AB02-4267-AB05-4AD85BE762CA}
	EndGlobalSection
EndGlobal
