
Microsoft Visual Studio Solution File, Format Version 12.00
# Visual Studio Version 17
VisualStudioVersion = 17.9.34607.119
MinimumVisualStudioVersion = 10.0.40219.1
Project("{FAE04EC0-301F-11D3-BF4B-00C04F79EFBC}") = "DVDCollection", "DVDCollection\DVDCollection.csproj", "{43B57C1A-DF81-4F99-B0CF-E71F5701DB99}"
EndProject
Global
	GlobalSection(SolutionConfigurationPlatforms) = preSolution
		Debug|Any CPU = Debug|Any CPU
		Release|Any CPU = Release|Any CPU
	EndGlobalSection
	GlobalSection(ProjectConfigurationPlatforms) = postSolution
		{43B57C1A-DF81-4F99-B0CF-E71F5701DB99}.Debug|Any CPU.ActiveCfg = Debug|Any CPU
		{43B57C1A-DF81-4F99-B0CF-E71F5701DB99}.Debug|Any CPU.Build.0 = Debug|Any CPU
		{43B57C1A-DF81-4F99-B0CF-E71F5701DB99}.Release|Any CPU.ActiveCfg = Release|Any CPU
		{43B57C1A-DF81-4F99-B0CF-E71F5701DB99}.Release|Any CPU.Build.0 = Release|Any CPU
	EndGlobalSection
	GlobalSection(SolutionProperties) = preSolution
		HideSolutionNode = FALSE
	EndGlobalSection
	GlobalSection(ExtensibilityGlobals) = postSolution
		SolutionGuid = {98C71A79-AE4F-4019-B4D0-EBF06F02B935}
	EndGlobalSection
EndGlobal
